
Microsoft Visual Studio Solution File, Format Version 12.00
# Visual Studio Version 17
VisualStudioVersion = 17.13.35825.156 d17.13
MinimumVisualStudioVersion = 10.0.40219.1
Project("{FAE04EC0-301F-11D3-BF4B-00C04F79EFBC}") = "ICE TASK THREE - PROG6221", "ICE TASK THREE - PROG6221\ICE TASK THREE - PROG6221.csproj", "{ED8FDFEB-4150-4F80-ABB4-18657A187EB7}"
EndProject
Global
	GlobalSection(SolutionConfigurationPlatforms) = preSolution
		Debug|Any CPU = Debug|Any CPU
		Release|Any CPU = Release|Any CPU
	EndGlobalSection
	GlobalSection(ProjectConfigurationPlatforms) = postSolution
		{ED8FDFEB-4150-4F80-ABB4-18657A187EB7}.Debug|Any CPU.ActiveCfg = Debug|Any CPU
		{ED8FDFEB-4150-4F80-ABB4-18657A187EB7}.Debug|Any CPU.Build.0 = Debug|Any CPU
		{ED8FDFEB-4150-4F80-ABB4-18657A187EB7}.Release|Any CPU.ActiveCfg = Release|Any CPU
		{ED8FDFEB-4150-4F80-ABB4-18657A187EB7}.Release|Any CPU.Build.0 = Release|Any CPU
	EndGlobalSection
	GlobalSection(SolutionProperties) = preSolution
		HideSolutionNode = FALSE
	EndGlobalSection
	GlobalSection(ExtensibilityGlobals) = postSolution
		SolutionGuid = {3E64D444-E8EE-41F4-82A3-71036B1E77F7}
	EndGlobalSection
EndGlobal
